
Microsoft Visual Studio Solution File, Format Version 12.00
# Visual Studio Version 17
VisualStudioVersion = 17.5.33209.295
MinimumVisualStudioVersion = 10.0.40219.1
Project("{FAE04EC0-301F-11D3-BF4B-00C04F79EFBC}") = "PetShop2023", "PetShop2023.csproj", "{7AAF8E88-3086-4E48-BB96-B2B745BDC779}"
EndProject
Global
	GlobalSection(SolutionConfigurationPlatforms) = preSolution
		Debug|Any CPU = Debug|Any CPU
		Release|Any CPU = Release|Any CPU
	EndGlobalSection
	GlobalSection(ProjectConfigurationPlatforms) = postSolution
		{7AAF8E88-3086-4E48-BB96-B2B745BDC779}.Debug|Any CPU.ActiveCfg = Debug|Any CPU
		{7AAF8E88-3086-4E48-BB96-B2B745BDC779}.Debug|Any CPU.Build.0 = Debug|Any CPU
		{7AAF8E88-3086-4E48-BB96-B2B745BDC779}.Release|Any CPU.ActiveCfg = Release|Any CPU
		{7AAF8E88-3086-4E48-BB96-B2B745BDC779}.Release|Any CPU.Build.0 = Release|Any CPU
	EndGlobalSection
	GlobalSection(SolutionProperties) = preSolution
		HideSolutionNode = FALSE
	EndGlobalSection
	GlobalSection(ExtensibilityGlobals) = postSolution
		SolutionGuid = {2344403F-1B23-4A44-87A5-BA6AC2972431}
	EndGlobalSection
EndGlobal
